
Microsoft Visual Studio Solution File, Format Version 12.00
# Visual Studio Version 16
VisualStudioVersion = 16.0.32106.194
MinimumVisualStudioVersion = 10.0.40219.1
Project("{FAE04EC0-301F-11D3-BF4B-00C04F79EFBC}") = "MENU DE OPCIONES", "MENU DE OPCIONES\MENU DE OPCIONES.csproj", "{B52E0A44-2491-4477-9D9F-AE8A533DBD2A}"
EndProject
Global
	GlobalSection(SolutionConfigurationPlatforms) = preSolution
		Debug|Any CPU = Debug|Any CPU
		Release|Any CPU = Release|Any CPU
	EndGlobalSection
	GlobalSection(ProjectConfigurationPlatforms) = postSolution
		{B52E0A44-2491-4477-9D9F-AE8A533DBD2A}.Debug|Any CPU.ActiveCfg = Debug|Any CPU
		{B52E0A44-2491-4477-9D9F-AE8A533DBD2A}.Debug|Any CPU.Build.0 = Debug|Any CPU
		{B52E0A44-2491-4477-9D9F-AE8A533DBD2A}.Release|Any CPU.ActiveCfg = Release|Any CPU
		{B52E0A44-2491-4477-9D9F-AE8A533DBD2A}.Release|Any CPU.Build.0 = Release|Any CPU
	EndGlobalSection
	GlobalSection(SolutionProperties) = preSolution
		HideSolutionNode = FALSE
	EndGlobalSection
	GlobalSection(ExtensibilityGlobals) = postSolution
		SolutionGuid = {1ACFA054-E02B-47DB-BBE8-2A36B8219C4E}
	EndGlobalSection
EndGlobal
