
Microsoft Visual Studio Solution File, Format Version 12.00
# Visual Studio Version 16
VisualStudioVersion = 16.0.32106.194
MinimumVisualStudioVersion = 10.0.40219.1
Project("{FAE04EC0-301F-11D3-BF4B-00C04F79EFBC}") = "SerieFibonacci", "SerieFibonacci.csproj", "{57551B36-C83B-4988-9350-9F2628BDDAAB}"
EndProject
Global
	GlobalSection(SolutionConfigurationPlatforms) = preSolution
		Debug|Any CPU = Debug|Any CPU
		Release|Any CPU = Release|Any CPU
	EndGlobalSection
	GlobalSection(ProjectConfigurationPlatforms) = postSolution
		{57551B36-C83B-4988-9350-9F2628BDDAAB}.Debug|Any CPU.ActiveCfg = Debug|Any CPU
		{57551B36-C83B-4988-9350-9F2628BDDAAB}.Debug|Any CPU.Build.0 = Debug|Any CPU
		{57551B36-C83B-4988-9350-9F2628BDDAAB}.Release|Any CPU.ActiveCfg = Release|Any CPU
		{57551B36-C83B-4988-9350-9F2628BDDAAB}.Release|Any CPU.Build.0 = Release|Any CPU
	EndGlobalSection
	GlobalSection(SolutionProperties) = preSolution
		HideSolutionNode = FALSE
	EndGlobalSection
	GlobalSection(ExtensibilityGlobals) = postSolution
		SolutionGuid = {3CE3B06D-0DA2-440F-8AA8-980ECA44A593}
	EndGlobalSection
EndGlobal
