
Microsoft Visual Studio Solution File, Format Version 12.00
# Visual Studio Version 16
VisualStudioVersion = 16.0.32106.194
MinimumVisualStudioVersion = 10.0.40219.1
Project("{FAE04EC0-301F-11D3-BF4B-00C04F79EFBC}") = "GATO3D_PSEGUNDOPARCIAL_DOERXRJSDSDT", "GATO3D_PSEGUNDOPARCIAL_DOERXRJSDSDT.csproj", "{07B845A5-FE24-49F9-A64F-F38815B28462}"
EndProject
Global
	GlobalSection(SolutionConfigurationPlatforms) = preSolution
		Debug|Any CPU = Debug|Any CPU
		Release|Any CPU = Release|Any CPU
	EndGlobalSection
	GlobalSection(ProjectConfigurationPlatforms) = postSolution
		{07B845A5-FE24-49F9-A64F-F38815B28462}.Debug|Any CPU.ActiveCfg = Debug|Any CPU
		{07B845A5-FE24-49F9-A64F-F38815B28462}.Debug|Any CPU.Build.0 = Debug|Any CPU
		{07B845A5-FE24-49F9-A64F-F38815B28462}.Release|Any CPU.ActiveCfg = Release|Any CPU
		{07B845A5-FE24-49F9-A64F-F38815B28462}.Release|Any CPU.Build.0 = Release|Any CPU
	EndGlobalSection
	GlobalSection(SolutionProperties) = preSolution
		HideSolutionNode = FALSE
	EndGlobalSection
	GlobalSection(ExtensibilityGlobals) = postSolution
		SolutionGuid = {1E06CF56-4883-435B-8001-A6602FC8DFBF}
	EndGlobalSection
EndGlobal
