
Microsoft Visual Studio Solution File, Format Version 12.00
# Visual Studio Version 16
VisualStudioVersion = 16.0.32106.194
MinimumVisualStudioVersion = 10.0.40219.1
Project("{FAE04EC0-301F-11D3-BF4B-00C04F79EFBC}") = "LAVENDER_HAZE_SHARP", "LAVENDER_HAZE_SHARP.csproj", "{B6A0A820-22E8-4686-87A8-2C916B321A74}"
EndProject
Global
	GlobalSection(SolutionConfigurationPlatforms) = preSolution
		Debug|Any CPU = Debug|Any CPU
		Release|Any CPU = Release|Any CPU
	EndGlobalSection
	GlobalSection(ProjectConfigurationPlatforms) = postSolution
		{B6A0A820-22E8-4686-87A8-2C916B321A74}.Debug|Any CPU.ActiveCfg = Debug|Any CPU
		{B6A0A820-22E8-4686-87A8-2C916B321A74}.Debug|Any CPU.Build.0 = Debug|Any CPU
		{B6A0A820-22E8-4686-87A8-2C916B321A74}.Release|Any CPU.ActiveCfg = Release|Any CPU
		{B6A0A820-22E8-4686-87A8-2C916B321A74}.Release|Any CPU.Build.0 = Release|Any CPU
	EndGlobalSection
	GlobalSection(SolutionProperties) = preSolution
		HideSolutionNode = FALSE
	EndGlobalSection
	GlobalSection(ExtensibilityGlobals) = postSolution
		SolutionGuid = {C6D7F4C0-C433-4DBD-AAB9-F098F3E9B4B6}
	EndGlobalSection
EndGlobal
