
Microsoft Visual Studio Solution File, Format Version 12.00
# Visual Studio Version 16
VisualStudioVersion = 16.0.32228.343
MinimumVisualStudioVersion = 10.0.40219.1
Project("{FAE04EC0-301F-11D3-BF4B-00C04F79EFBC}") = "EXAMEN_PARCIAL_2", "EXAMEN_PARCIAL_2.csproj", "{C919BA7D-CFE4-48B2-B09E-168ACE76019C}"
EndProject
Global
	GlobalSection(SolutionConfigurationPlatforms) = preSolution
		Debug|Any CPU = Debug|Any CPU
		Release|Any CPU = Release|Any CPU
	EndGlobalSection
	GlobalSection(ProjectConfigurationPlatforms) = postSolution
		{C919BA7D-CFE4-48B2-B09E-168ACE76019C}.Debug|Any CPU.ActiveCfg = Debug|Any CPU
		{C919BA7D-CFE4-48B2-B09E-168ACE76019C}.Debug|Any CPU.Build.0 = Debug|Any CPU
		{C919BA7D-CFE4-48B2-B09E-168ACE76019C}.Release|Any CPU.ActiveCfg = Release|Any CPU
		{C919BA7D-CFE4-48B2-B09E-168ACE76019C}.Release|Any CPU.Build.0 = Release|Any CPU
	EndGlobalSection
	GlobalSection(SolutionProperties) = preSolution
		HideSolutionNode = FALSE
	EndGlobalSection
	GlobalSection(ExtensibilityGlobals) = postSolution
		SolutionGuid = {B2C6B8A0-CF1D-488C-9E6B-D733E7F124A5}
	EndGlobalSection
EndGlobal
