
Microsoft Visual Studio Solution File, Format Version 12.00
# Visual Studio Version 16
VisualStudioVersion = 16.0.32228.343
MinimumVisualStudioVersion = 10.0.40219.1
Project("{FAE04EC0-301F-11D3-BF4B-00C04F79EFBC}") = "REGISTRO_CLIMAS_SPJL", "REGISTRO_CLIMAS_SPJL.csproj", "{5A3D57BB-536D-4CC1-B14C-59BB8B12AFE4}"
EndProject
Global
	GlobalSection(SolutionConfigurationPlatforms) = preSolution
		Debug|Any CPU = Debug|Any CPU
		Release|Any CPU = Release|Any CPU
	EndGlobalSection
	GlobalSection(ProjectConfigurationPlatforms) = postSolution
		{5A3D57BB-536D-4CC1-B14C-59BB8B12AFE4}.Debug|Any CPU.ActiveCfg = Debug|Any CPU
		{5A3D57BB-536D-4CC1-B14C-59BB8B12AFE4}.Debug|Any CPU.Build.0 = Debug|Any CPU
		{5A3D57BB-536D-4CC1-B14C-59BB8B12AFE4}.Release|Any CPU.ActiveCfg = Release|Any CPU
		{5A3D57BB-536D-4CC1-B14C-59BB8B12AFE4}.Release|Any CPU.Build.0 = Release|Any CPU
	EndGlobalSection
	GlobalSection(SolutionProperties) = preSolution
		HideSolutionNode = FALSE
	EndGlobalSection
	GlobalSection(ExtensibilityGlobals) = postSolution
		SolutionGuid = {E416849E-5E94-46E0-A330-B3953A760AB2}
	EndGlobalSection
EndGlobal
