
Microsoft Visual Studio Solution File, Format Version 12.00
# Visual Studio Version 16
VisualStudioVersion = 16.0.32106.194
MinimumVisualStudioVersion = 10.0.40219.1
Project("{FAE04EC0-301F-11D3-BF4B-00C04F79EFBC}") = "VEC_24FEB", "VEC_24FEB.csproj", "{57C67CE7-0082-428D-8D70-41AC6A1C1684}"
EndProject
Global
	GlobalSection(SolutionConfigurationPlatforms) = preSolution
		Debug|Any CPU = Debug|Any CPU
		Release|Any CPU = Release|Any CPU
	EndGlobalSection
	GlobalSection(ProjectConfigurationPlatforms) = postSolution
		{57C67CE7-0082-428D-8D70-41AC6A1C1684}.Debug|Any CPU.ActiveCfg = Debug|Any CPU
		{57C67CE7-0082-428D-8D70-41AC6A1C1684}.Debug|Any CPU.Build.0 = Debug|Any CPU
		{57C67CE7-0082-428D-8D70-41AC6A1C1684}.Release|Any CPU.ActiveCfg = Release|Any CPU
		{57C67CE7-0082-428D-8D70-41AC6A1C1684}.Release|Any CPU.Build.0 = Release|Any CPU
	EndGlobalSection
	GlobalSection(SolutionProperties) = preSolution
		HideSolutionNode = FALSE
	EndGlobalSection
	GlobalSection(ExtensibilityGlobals) = postSolution
		SolutionGuid = {3ACCBC01-6F32-4CC3-B278-01C2526F5B6C}
	EndGlobalSection
EndGlobal
