
Microsoft Visual Studio Solution File, Format Version 12.00
# Visual Studio Version 16
VisualStudioVersion = 16.0.32106.194
MinimumVisualStudioVersion = 10.0.40219.1
Project("{FAE04EC0-301F-11D3-BF4B-00C04F79EFBC}") = "BASE_ALTURA_AREA_RECTANGULOYTRIANGULO", "BASE_ALTURA_AREA_RECTANGULOYTRIANGULO.csproj", "{A7E6E270-BF2E-40A7-AB0D-D3F387F6FF39}"
EndProject
Global
	GlobalSection(SolutionConfigurationPlatforms) = preSolution
		Debug|Any CPU = Debug|Any CPU
		Release|Any CPU = Release|Any CPU
	EndGlobalSection
	GlobalSection(ProjectConfigurationPlatforms) = postSolution
		{A7E6E270-BF2E-40A7-AB0D-D3F387F6FF39}.Debug|Any CPU.ActiveCfg = Debug|Any CPU
		{A7E6E270-BF2E-40A7-AB0D-D3F387F6FF39}.Debug|Any CPU.Build.0 = Debug|Any CPU
		{A7E6E270-BF2E-40A7-AB0D-D3F387F6FF39}.Release|Any CPU.ActiveCfg = Release|Any CPU
		{A7E6E270-BF2E-40A7-AB0D-D3F387F6FF39}.Release|Any CPU.Build.0 = Release|Any CPU
	EndGlobalSection
	GlobalSection(SolutionProperties) = preSolution
		HideSolutionNode = FALSE
	EndGlobalSection
	GlobalSection(ExtensibilityGlobals) = postSolution
		SolutionGuid = {6AC90979-C60F-4ECF-BC3D-9C98B30F32B2}
	EndGlobalSection
EndGlobal
