
Microsoft Visual Studio Solution File, Format Version 12.00
# Visual Studio Version 16
VisualStudioVersion = 16.0.32228.343
MinimumVisualStudioVersion = 10.0.40219.1
Project("{FAE04EC0-301F-11D3-BF4B-00C04F79EFBC}") = "REGISTRO_TEMPERATURA_CEEH", "REGISTRO_TEMPERATURA_CEEH.csproj", "{9C26EE7F-52E1-48DD-B360-4B443BC78CB0}"
EndProject
Global
	GlobalSection(SolutionConfigurationPlatforms) = preSolution
		Debug|Any CPU = Debug|Any CPU
		Release|Any CPU = Release|Any CPU
	EndGlobalSection
	GlobalSection(ProjectConfigurationPlatforms) = postSolution
		{9C26EE7F-52E1-48DD-B360-4B443BC78CB0}.Debug|Any CPU.ActiveCfg = Debug|Any CPU
		{9C26EE7F-52E1-48DD-B360-4B443BC78CB0}.Debug|Any CPU.Build.0 = Debug|Any CPU
		{9C26EE7F-52E1-48DD-B360-4B443BC78CB0}.Release|Any CPU.ActiveCfg = Release|Any CPU
		{9C26EE7F-52E1-48DD-B360-4B443BC78CB0}.Release|Any CPU.Build.0 = Release|Any CPU
	EndGlobalSection
	GlobalSection(SolutionProperties) = preSolution
		HideSolutionNode = FALSE
	EndGlobalSection
	GlobalSection(ExtensibilityGlobals) = postSolution
		SolutionGuid = {F3CB575F-54FC-4A90-AB82-D5AB2C03E5CC}
	EndGlobalSection
EndGlobal
